
Microsoft Visual Studio Solution File, Format Version 12.00
# Visual Studio Version 16
VisualStudioVersion = 16.0.30413.136
MinimumVisualStudioVersion = 10.0.40219.1
Project("{FAE04EC0-301F-11D3-BF4B-00C04F79EFBC}") = "GameLife", "GameLife\GameLife.csproj", "{8C95E055-DF5F-47CE-9002-0E6ACC92F836}"
EndProject
Project("{2150E333-8FDC-42A3-9474-1A3956D46DE8}") = "Screenshots", "Screenshots", "{AEDFE647-BE1F-4D04-8546-837D81123057}"
	ProjectSection(SolutionItems) = preProject
		Screenshots\LifeExample.gif = Screenshots\LifeExample.gif
		Screenshots\MazeExample.gif = Screenshots\MazeExample.gif
		Screenshots\SpeechExample.gif = Screenshots\SpeechExample.gif
	EndProjectSection
EndProject
Project("{FAE04EC0-301F-11D3-BF4B-00C04F79EFBC}") = "Maze", "Maze\Maze.csproj", "{AC4A31F0-D573-49E8-BC35-DBAE9D43C69D}"
EndProject
Project("{FAE04EC0-301F-11D3-BF4B-00C04F79EFBC}") = "Speech", "Speech\Speech.csproj", "{4C32A00F-DF6B-400A-8C09-93993A577E9B}"
EndProject
Project("{2150E333-8FDC-42A3-9474-1A3956D46DE8}") = "Solution Items", "Solution Items", "{7296244F-4938-4A61-A926-F108BAE91F7C}"
	ProjectSection(SolutionItems) = preProject
		README.md = README.md
	EndProjectSection
EndProject
Global
	GlobalSection(SolutionConfigurationPlatforms) = preSolution
		Debug|Any CPU = Debug|Any CPU
		Release|Any CPU = Release|Any CPU
	EndGlobalSection
	GlobalSection(ProjectConfigurationPlatforms) = postSolution
		{8C95E055-DF5F-47CE-9002-0E6ACC92F836}.Debug|Any CPU.ActiveCfg = Debug|Any CPU
		{8C95E055-DF5F-47CE-9002-0E6ACC92F836}.Debug|Any CPU.Build.0 = Debug|Any CPU
		{8C95E055-DF5F-47CE-9002-0E6ACC92F836}.Release|Any CPU.ActiveCfg = Release|Any CPU
		{8C95E055-DF5F-47CE-9002-0E6ACC92F836}.Release|Any CPU.Build.0 = Release|Any CPU
		{AC4A31F0-D573-49E8-BC35-DBAE9D43C69D}.Debug|Any CPU.ActiveCfg = Debug|Any CPU
		{AC4A31F0-D573-49E8-BC35-DBAE9D43C69D}.Debug|Any CPU.Build.0 = Debug|Any CPU
		{AC4A31F0-D573-49E8-BC35-DBAE9D43C69D}.Release|Any CPU.ActiveCfg = Release|Any CPU
		{AC4A31F0-D573-49E8-BC35-DBAE9D43C69D}.Release|Any CPU.Build.0 = Release|Any CPU
		{4C32A00F-DF6B-400A-8C09-93993A577E9B}.Debug|Any CPU.ActiveCfg = Debug|Any CPU
		{4C32A00F-DF6B-400A-8C09-93993A577E9B}.Debug|Any CPU.Build.0 = Debug|Any CPU
		{4C32A00F-DF6B-400A-8C09-93993A577E9B}.Release|Any CPU.ActiveCfg = Release|Any CPU
		{4C32A00F-DF6B-400A-8C09-93993A577E9B}.Release|Any CPU.Build.0 = Release|Any CPU
	EndGlobalSection
	GlobalSection(SolutionProperties) = preSolution
		HideSolutionNode = FALSE
	EndGlobalSection
	GlobalSection(ExtensibilityGlobals) = postSolution
		SolutionGuid = {87B71460-F08D-458C-BA5F-83DDD3E7C193}
	EndGlobalSection
EndGlobal
